
Microsoft Visual Studio Solution File, Format Version 12.00
# Visual Studio Version 17
VisualStudioVersion = 17.9.34723.18
MinimumVisualStudioVersion = 10.0.40219.1
Project("{FAE04EC0-301F-11D3-BF4B-00C04F79EFBC}") = "ASP_NET_Razor_Page_Work_DB", "ASP_NET_Razor_Page_Work_DB\ASP_NET_Razor_Page_Work_DB.csproj", "{F6671DC3-5CA0-4524-A4E6-DB42B8BF4361}"
EndProject
Global
	GlobalSection(SolutionConfigurationPlatforms) = preSolution
		Debug|Any CPU = Debug|Any CPU
		Release|Any CPU = Release|Any CPU
	EndGlobalSection
	GlobalSection(ProjectConfigurationPlatforms) = postSolution
		{F6671DC3-5CA0-4524-A4E6-DB42B8BF4361}.Debug|Any CPU.ActiveCfg = Debug|Any CPU
		{F6671DC3-5CA0-4524-A4E6-DB42B8BF4361}.Debug|Any CPU.Build.0 = Debug|Any CPU
		{F6671DC3-5CA0-4524-A4E6-DB42B8BF4361}.Release|Any CPU.ActiveCfg = Release|Any CPU
		{F6671DC3-5CA0-4524-A4E6-DB42B8BF4361}.Release|Any CPU.Build.0 = Release|Any CPU
	EndGlobalSection
	GlobalSection(SolutionProperties) = preSolution
		HideSolutionNode = FALSE
	EndGlobalSection
	GlobalSection(ExtensibilityGlobals) = postSolution
		SolutionGuid = {121A8811-701A-4F45-BA3B-477C3A43237F}
	EndGlobalSection
EndGlobal
